
Microsoft Visual Studio Solution File, Format Version 12.00
# Visual Studio 14
VisualStudioVersion = 14.0.25420.1
MinimumVisualStudioVersion = 10.0.40219.1
Project("{6141683F-8A12-4E36-9623-2EB02B2C2303}") = "vws-Setup", "vws-Setup\vws-Setup.isproj", "{D5E95364-F17A-44B1-A201-2E023D836D3F}"
EndProject
Global
	GlobalSection(SolutionConfigurationPlatforms) = preSolution
		CD_ROM|Default = CD_ROM|Default
		DVD-5|Default = DVD-5|Default
		SingleImage|Default = SingleImage|Default
	EndGlobalSection
	GlobalSection(ProjectConfigurationPlatforms) = postSolution
		{D5E95364-F17A-44B1-A201-2E023D836D3F}.CD_ROM|Default.ActiveCfg = CD_ROM
		{D5E95364-F17A-44B1-A201-2E023D836D3F}.CD_ROM|Default.Build.0 = CD_ROM
		{D5E95364-F17A-44B1-A201-2E023D836D3F}.DVD-5|Default.ActiveCfg = DVD-5
		{D5E95364-F17A-44B1-A201-2E023D836D3F}.DVD-5|Default.Build.0 = DVD-5
		{D5E95364-F17A-44B1-A201-2E023D836D3F}.SingleImage|Default.ActiveCfg = SingleImage
		{D5E95364-F17A-44B1-A201-2E023D836D3F}.SingleImage|Default.Build.0 = SingleImage
	EndGlobalSection
	GlobalSection(SolutionProperties) = preSolution
		HideSolutionNode = FALSE
	EndGlobalSection
EndGlobal
